
Microsoft Visual Studio Solution File, Format Version 12.00
# Visual Studio Version 17
VisualStudioVersion = 17.8.34330.188
MinimumVisualStudioVersion = 10.0.40219.1
Project("{9A19103F-16F7-4668-BE54-9A1E7A4F7556}") = "Projec2", "Projec2\Projec2.csproj", "{7915D69F-44C9-45E7-92B9-87ED34C28067}"
EndProject
Project("{FAE04EC0-301F-11D3-BF4B-00C04F79EFBC}") = "Projec2.Test", "Projec2.Test\Projec2.Test.csproj", "{652AEE90-998C-48DE-8A88-2DE6F2169BB1}"
EndProject
Global
	GlobalSection(SolutionConfigurationPlatforms) = preSolution
		Debug|Any CPU = Debug|Any CPU
		Release|Any CPU = Release|Any CPU
	EndGlobalSection
	GlobalSection(ProjectConfigurationPlatforms) = postSolution
		{7915D69F-44C9-45E7-92B9-87ED34C28067}.Debug|Any CPU.ActiveCfg = Debug|Any CPU
		{7915D69F-44C9-45E7-92B9-87ED34C28067}.Debug|Any CPU.Build.0 = Debug|Any CPU
		{7915D69F-44C9-45E7-92B9-87ED34C28067}.Release|Any CPU.ActiveCfg = Release|Any CPU
		{7915D69F-44C9-45E7-92B9-87ED34C28067}.Release|Any CPU.Build.0 = Release|Any CPU
		{652AEE90-998C-48DE-8A88-2DE6F2169BB1}.Debug|Any CPU.ActiveCfg = Debug|Any CPU
		{652AEE90-998C-48DE-8A88-2DE6F2169BB1}.Debug|Any CPU.Build.0 = Debug|Any CPU
		{652AEE90-998C-48DE-8A88-2DE6F2169BB1}.Release|Any CPU.ActiveCfg = Release|Any CPU
		{652AEE90-998C-48DE-8A88-2DE6F2169BB1}.Release|Any CPU.Build.0 = Release|Any CPU
	EndGlobalSection
	GlobalSection(SolutionProperties) = preSolution
		HideSolutionNode = FALSE
	EndGlobalSection
	GlobalSection(ExtensibilityGlobals) = postSolution
		SolutionGuid = {A9338648-DF43-44A4-8573-7008789B0ADA}
	EndGlobalSection
EndGlobal
